dependencies:
- name: root-chart
  repository: oci://ghcr.io/atomicloud/alcohol.zinc
  version: v1.21.0
- name: aldehyde-lithium
  repository: oci://ghcr.io/atomicloud/aldehyde.lithium
  version: v1.1.1
digest: sha256:e56289732e5bbcf15760dc3161cb6fc7bc53240781f407a1323cc19502f7b767
generated: "2026-06-23T16:44:15.721107+08:00"
