dependencies:
- name: root-chart
  repository: oci://ghcr.io/atomicloud/alcohol.zinc
  version: v1.25.0
- name: aldehyde-lithium
  repository: oci://ghcr.io/atomicloud/aldehyde.lithium
  version: v1.1.1
digest: sha256:66bd90ef9e02b4d0ba7908c5ac966420459dd841f2d8bd01e79b27051a5fedef
generated: "2026-07-04T12:35:35.799329+08:00"
